{
    "_meta": {
        "hash": {
            "sha256": "a330b8e4628c7d9efc665c0a06a4f101fc2e5de291304dd202049c1ac6d96389"
        },
        "pipfile-spec": 6,
        "requires": {
            "python_version": "3.11"
        },
        "sources": [
            {
                "name": "pypi",
                "url": "https://pypi.org/simple",
                "verify_ssl": true
            }
        ]
    },
    "default": {
        "goto-py": {
            "hashes": [
                "sha256:1b18ac110b14b60f03deb039b6f7694ccc5545a713382b6819e63dc01c81ecf3"
            ],
            "index": "pypi",
            "version": "==1.1.6"
        },
        "pyserial": {
            "hashes": [
                "sha256:3c77e014170dfffbd816e6ffc205e9842efb10be9f58ec16d3e8675b4925cddb",
                "sha256:c4451db6ba391ca6ca299fb3ec7bae67a5c55dde170964c7a14ceefec02f2cf0"
            ],
            "index": "pypi",
            "version": "==3.5"
        }
    },
    "develop": {}
}
